
Microsoft Visual Studio Solution File, Format Version 12.00
# Visual Studio Version 16
VisualStudioVersion = 16.0.30503.244
MinimumVisualStudioVersion = 10.0.40219.1
Project("{FAE04EC0-301F-11D3-BF4B-00C04F79EFBC}") = "FlashCardsApp", "FlashCardsApp.csproj", "{70B9A094-15A9-474C-8533-E3A1E77BAEC3}"
EndProject
Global
	GlobalSection(SolutionConfigurationPlatforms) = preSolution
		Debug|Any CPU = Debug|Any CPU
		Release|Any CPU = Release|Any CPU
	EndGlobalSection
	GlobalSection(ProjectConfigurationPlatforms) = postSolution
		{70B9A094-15A9-474C-8533-E3A1E77BAEC3}.Debug|Any CPU.ActiveCfg = Debug|Any CPU
		{70B9A094-15A9-474C-8533-E3A1E77BAEC3}.Debug|Any CPU.Build.0 = Debug|Any CPU
		{70B9A094-15A9-474C-8533-E3A1E77BAEC3}.Release|Any CPU.ActiveCfg = Release|Any CPU
		{70B9A094-15A9-474C-8533-E3A1E77BAEC3}.Release|Any CPU.Build.0 = Release|Any CPU
	EndGlobalSection
	GlobalSection(SolutionProperties) = preSolution
		HideSolutionNode = FALSE
	EndGlobalSection
	GlobalSection(ExtensibilityGlobals) = postSolution
		SolutionGuid = {FA47A046-3BF7-479A-B1CB-8CF5EA3CC59B}
	EndGlobalSection
EndGlobal
